
Microsoft Visual Studio Solution File, Format Version 12.00
# Visual Studio Version 16
VisualStudioVersion = 16.0.31112.23
MinimumVisualStudioVersion = 10.0.40219.1
Project("{9A19103F-16F7-4668-BE54-9A1E7A4F7556}") = "BusBookingAppAPI", "BusBookingAppAPI\BusBookingAppAPI.csproj", "{0DAF358D-5CBA-4D1F-80E5-95A123F7EBF1}"
EndProject
Project("{9A19103F-16F7-4668-BE54-9A1E7A4F7556}") = "BusBooking.Data.Models", "BusBooking.Data.Models\BusBooking.Data.Models.csproj", "{BFA64975-1B77-431B-8A78-F67E53D12F66}"
EndProject
Project("{2150E333-8FDC-42A3-9474-1A3956D46DE8}") = "Data", "Data", "{BCB04D7D-7DB8-4B97-ABD1-3061F7324A19}"
EndProject
Project("{2150E333-8FDC-42A3-9474-1A3956D46DE8}") = "API", "API", "{C13E2732-05D0-4463-9456-42C8055321D8}"
EndProject
Project("{2150E333-8FDC-42A3-9474-1A3956D46DE8}") = "Business", "Business", "{72FBB98E-6607-4B03-A14A-4CD39F560BD4}"
EndProject
Project("{2150E333-8FDC-42A3-9474-1A3956D46DE8}") = "Shared", "Shared", "{4EB225C0-9D1F-48C5-BB9A-E94BD5500724}"
EndProject
Project("{2150E333-8FDC-42A3-9474-1A3956D46DE8}") = "UI", "UI", "{50E8FB27-F27F-4F47-B9CC-51DD3D7ED1CF}"
	ProjectSection(SolutionItems) = preProject
		BusBooking.Shared.DTO\SearchDTO.cs = BusBooking.Shared.DTO\SearchDTO.cs
	EndProjectSection
EndProject
Project("{2150E333-8FDC-42A3-9474-1A3956D46DE8}") = "Models", "Models", "{71CD47DE-A5BF-47F8-B886-53A3FBE8A1A1}"
EndProject
Project("{2150E333-8FDC-42A3-9474-1A3956D46DE8}") = "Context", "Context", "{168C4E6E-A7E9-4093-AE4C-5AEB97F2FB01}"
EndProject
Project("{9A19103F-16F7-4668-BE54-9A1E7A4F7556}") = "BusBooking.Business.Authenticate", "BusBooking.Business.Authenticate\BusBooking.Business.Authenticate.csproj", "{FE49B76F-0BCA-4945-94AB-63FE0F46AB10}"
EndProject
Project("{2150E333-8FDC-42A3-9474-1A3956D46DE8}") = "DAL", "DAL", "{F9206106-09A2-4CEF-A05D-2A18DDEA0B5E}"
EndProject
Project("{9A19103F-16F7-4668-BE54-9A1E7A4F7556}") = "BusBooking.Data.Context", "BusBooking.Data.Context\BusBooking.Data.Context.csproj", "{8726F0FA-0367-4390-A603-11CEFCE8D231}"
EndProject
Project("{9A19103F-16F7-4668-BE54-9A1E7A4F7556}") = "BusBooking.Data.DAL", "BusBooking.Data.DAL\BusBooking.Data.DAL.csproj", "{C42EC4C6-BBE7-4300-8BDE-9401881FDC39}"
EndProject
Project("{FAE04EC0-301F-11D3-BF4B-00C04F79EFBC}") = "BusBooking.UserInterface", "BusBooking.UserInterface\BusBooking.UserInterface.csproj", "{37E9FACB-4148-45C4-BF52-1474E39D9838}"
EndProject
Project("{9A19103F-16F7-4668-BE54-9A1E7A4F7556}") = "BusBooking.Shared.DTO", "BusBooking.Shared.DTO\BusBooking.Shared.DTO.csproj", "{CF53BCC9-7E26-44B6-B5B1-1EB589CC890B}"
EndProject
Global
	GlobalSection(SolutionConfigurationPlatforms) = preSolution
		Debug|Any CPU = Debug|Any CPU
		Release|Any CPU = Release|Any CPU
	EndGlobalSection
	GlobalSection(ProjectConfigurationPlatforms) = postSolution
		{0DAF358D-5CBA-4D1F-80E5-95A123F7EBF1}.Debug|Any CPU.ActiveCfg = Debug|Any CPU
		{0DAF358D-5CBA-4D1F-80E5-95A123F7EBF1}.Debug|Any CPU.Build.0 = Debug|Any CPU
		{0DAF358D-5CBA-4D1F-80E5-95A123F7EBF1}.Release|Any CPU.ActiveCfg = Release|Any CPU
		{0DAF358D-5CBA-4D1F-80E5-95A123F7EBF1}.Release|Any CPU.Build.0 = Release|Any CPU
		{BFA64975-1B77-431B-8A78-F67E53D12F66}.Debug|Any CPU.ActiveCfg = Debug|Any CPU
		{BFA64975-1B77-431B-8A78-F67E53D12F66}.Debug|Any CPU.Build.0 = Debug|Any CPU
		{BFA64975-1B77-431B-8A78-F67E53D12F66}.Release|Any CPU.ActiveCfg = Release|Any CPU
		{BFA64975-1B77-431B-8A78-F67E53D12F66}.Release|Any CPU.Build.0 = Release|Any CPU
		{FE49B76F-0BCA-4945-94AB-63FE0F46AB10}.Debug|Any CPU.ActiveCfg = Debug|Any CPU
		{FE49B76F-0BCA-4945-94AB-63FE0F46AB10}.Debug|Any CPU.Build.0 = Debug|Any CPU
		{FE49B76F-0BCA-4945-94AB-63FE0F46AB10}.Release|Any CPU.ActiveCfg = Release|Any CPU
		{FE49B76F-0BCA-4945-94AB-63FE0F46AB10}.Release|Any CPU.Build.0 = Release|Any CPU
		{8726F0FA-0367-4390-A603-11CEFCE8D231}.Debug|Any CPU.ActiveCfg = Debug|Any CPU
		{8726F0FA-0367-4390-A603-11CEFCE8D231}.Debug|Any CPU.Build.0 = Debug|Any CPU
		{8726F0FA-0367-4390-A603-11CEFCE8D231}.Release|Any CPU.ActiveCfg = Release|Any CPU
		{8726F0FA-0367-4390-A603-11CEFCE8D231}.Release|Any CPU.Build.0 = Release|Any CPU
		{C42EC4C6-BBE7-4300-8BDE-9401881FDC39}.Debug|Any CPU.ActiveCfg = Debug|Any CPU
		{C42EC4C6-BBE7-4300-8BDE-9401881FDC39}.Debug|Any CPU.Build.0 = Debug|Any CPU
		{C42EC4C6-BBE7-4300-8BDE-9401881FDC39}.Release|Any CPU.ActiveCfg = Release|Any CPU
		{C42EC4C6-BBE7-4300-8BDE-9401881FDC39}.Release|Any CPU.Build.0 = Release|Any CPU
		{37E9FACB-4148-45C4-BF52-1474E39D9838}.Debug|Any CPU.ActiveCfg = Debug|Any CPU
		{37E9FACB-4148-45C4-BF52-1474E39D9838}.Debug|Any CPU.Build.0 = Debug|Any CPU
		{37E9FACB-4148-45C4-BF52-1474E39D9838}.Release|Any CPU.ActiveCfg = Release|Any CPU
		{37E9FACB-4148-45C4-BF52-1474E39D9838}.Release|Any CPU.Build.0 = Release|Any CPU
		{CF53BCC9-7E26-44B6-B5B1-1EB589CC890B}.Debug|Any CPU.ActiveCfg = Debug|Any CPU
		{CF53BCC9-7E26-44B6-B5B1-1EB589CC890B}.Debug|Any CPU.Build.0 = Debug|Any CPU
		{CF53BCC9-7E26-44B6-B5B1-1EB589CC890B}.Release|Any CPU.ActiveCfg = Release|Any CPU
		{CF53BCC9-7E26-44B6-B5B1-1EB589CC890B}.Release|Any CPU.Build.0 = Release|Any CPU
	EndGlobalSection
	GlobalSection(SolutionProperties) = preSolution
		HideSolutionNode = FALSE
	EndGlobalSection
	GlobalSection(NestedProjects) = preSolution
		{0DAF358D-5CBA-4D1F-80E5-95A123F7EBF1} = {C13E2732-05D0-4463-9456-42C8055321D8}
		{BFA64975-1B77-431B-8A78-F67E53D12F66} = {71CD47DE-A5BF-47F8-B886-53A3FBE8A1A1}
		{71CD47DE-A5BF-47F8-B886-53A3FBE8A1A1} = {BCB04D7D-7DB8-4B97-ABD1-3061F7324A19}
		{168C4E6E-A7E9-4093-AE4C-5AEB97F2FB01} = {BCB04D7D-7DB8-4B97-ABD1-3061F7324A19}
		{FE49B76F-0BCA-4945-94AB-63FE0F46AB10} = {72FBB98E-6607-4B03-A14A-4CD39F560BD4}
		{F9206106-09A2-4CEF-A05D-2A18DDEA0B5E} = {BCB04D7D-7DB8-4B97-ABD1-3061F7324A19}
		{8726F0FA-0367-4390-A603-11CEFCE8D231} = {168C4E6E-A7E9-4093-AE4C-5AEB97F2FB01}
		{C42EC4C6-BBE7-4300-8BDE-9401881FDC39} = {F9206106-09A2-4CEF-A05D-2A18DDEA0B5E}
		{37E9FACB-4148-45C4-BF52-1474E39D9838} = {50E8FB27-F27F-4F47-B9CC-51DD3D7ED1CF}
		{CF53BCC9-7E26-44B6-B5B1-1EB589CC890B} = {4EB225C0-9D1F-48C5-BB9A-E94BD5500724}
	EndGlobalSection
	GlobalSection(ExtensibilityGlobals) = postSolution
		SolutionGuid = {25B131B4-89BC-49F9-A205-05FA622A96C2}
	EndGlobalSection
EndGlobal
